Microsoft Visual Studio Solution File, Format Version 12.00
# Visual Studio Version 16
VisualStudioVersion = 16.0.30907.101
MinimumVisualStudioVersion = 10.0.40219.1
Project("{FAE04EC0-301F-11D3-BF4B-00C04F79EFBC}") = "Drops", "Drops.csproj", "{64DE9F1A-F450-4613-8658-5575B65A6D50}"
EndProject
Global
	GlobalSection(SolutionConfigurationPlatforms) = preSolution
		Debug|Any CPU = Debug|Any CPU
		Release|Any CPU = Release|Any CPU
	EndGlobalSection
	GlobalSection(ProjectConfigurationPlatforms) = postSolution
		{64DE9F1A-F450-4613-8658-5575B65A6D50}.Debug|Any CPU.ActiveCfg = Debug|Any CPU
		{64DE9F1A-F450-4613-8658-5575B65A6D50}.Debug|Any CPU.Build.0 = Debug|Any CPU
		{64DE9F1A-F450-4613-8658-5575B65A6D50}.Release|Any CPU.ActiveCfg = Release|Any CPU
		{64DE9F1A-F450-4613-8658-5575B65A6D50}.Release|Any CPU.Build.0 = Release|Any CPU
	EndGlobalSection
	GlobalSection(SolutionProperties) = preSolution
		HideSolutionNode = FALSE
	EndGlobalSection
	GlobalSection(ExtensibilityGlobals) = postSolution
		SolutionGuid = {AF34194B-5A5A-4B76-8184-2258F4E85927}
	EndGlobalSection
EndGlobal
